// !$*UTF8*$!
{
	archiveVersion = 1;
	classes = {
	};
	objectVersion = 50;
	objects = {

/* Begin PBXBuildFile section */
		1EAD057921CAB69100D4A3F4 /* AppDelegate.swift in Sources */ = {isa = PBXBuildFile; fileRef = 1EAD057821CAB69100D4A3F4 /* AppDelegate.swift */; };
		1EAD057B21CAB69100D4A3F4 /* ViewController.swift in Sources */ = {isa = PBXBuildFile; fileRef = 1EAD057A21CAB69100D4A3F4 /* ViewController.swift */; };
		1EAD057E21CAB69100D4A3F4 /* Main.storyboard in Resources */ = {isa = PBXBuildFile; fileRef = 1EAD057C21CAB69100D4A3F4 /* Main.storyboard */; };
		1EAD058021CAB69200D4A3F4 /* Assets.xcassets in Resources */ = {isa = PBXBuildFile; fileRef = 1EAD057F21CAB69200D4A3F4 /* Assets.xcassets */; };
		1EAD058321CAB69200D4A3F4 /* LaunchScreen.storyboard in Resources */ = {isa = PBXBuildFile; fileRef = 1EAD058121CAB69200D4A3F4 /* LaunchScreen.storyboard */; };
		1EAD05AA21CAB92E00D4A3F4 /* device-camera-icon.png in Resources */ = {isa = PBXBuildFile; fileRef = 1EAD05A921CAB92E00D4A3F4 /* device-camera-icon.png */; };
		1EAD05AC21CABBFF00D4A3F4 /* TableViewController.swift in Sources */ = {isa = PBXBuildFile; fileRef = 1EAD05AB21CABBFF00D4A3F4 /* TableViewController.swift */; };
		1EAD05AE21CBD23800D4A3F4 /* Album.swift in Sources */ = {isa = PBXBuildFile; fileRef = 1EAD05AD21CBD23800D4A3F4 /* Album.swift */; };
		1EAD05B021CBE77800D4A3F4 /* Photo.swift in Sources */ = {isa = PBXBuildFile; fileRef = 1EAD05AF21CBE77700D4A3F4 /* Photo.swift */; };
		1EAD05B221CBE98C00D4A3F4 /* DetailViewController.swift in Sources */ = {isa = PBXBuildFile; fileRef = 1EAD05B121CBE98C00D4A3F4 /* DetailViewController.swift */; };
		1EAD05B421CC22C800D4A3F4 /* AlbumViewController.swift in Sources */ = {isa = PBXBuildFile; fileRef = 1EAD05B321CC22C800D4A3F4 /* AlbumViewController.swift */; };
		1EEFC01921DCF01A003995E6 /* SQLite.framework in Frameworks */ = {isa = PBXBuildFile; fileRef = 1EEFC00C21DCF00F003995E6 /* SQLite.framework */; };
		1EEFC01A21DCF020003995E6 /* SQLite.framework in Frameworks */ = {isa = PBXBuildFile; fileRef = 1EEFC00C21DCF00F003995E6 /* SQLite.framework */; };
		1EEFC01B21DCF020003995E6 /* SQLite.framework in Embed Frameworks */ = {isa = PBXBuildFile; fileRef = 1EEFC00C21DCF00F003995E6 /* SQLite.framework */; settings = {ATTRIBUTES = (CodeSignOnCopy, RemoveHeadersOnCopy, ); }; };
		1EEFC02121DD222F003995E6 /* DbPersistance.swift in Sources */ = {isa = PBXBuildFile; fileRef = 1EEFC02021DD222F003995E6 /* DbPersistance.swift */; };
		1EEFC02521DE3D67003995E6 /* CollectionViewController.swift in Sources */ = {isa = PBXBuildFile; fileRef = 1EEFC02421DE3D67003995E6 /* CollectionViewController.swift */; };
		1EEFC02721DE6437003995E6 /* PhotoViewController.swift in Sources */ = {isa = PBXBuildFile; fileRef = 1EEFC02621DE6437003995E6 /* PhotoViewController.swift */; };
		1EEFC02921DE81AF003995E6 /* EditPopUpViewController.swift in Sources */ = {isa = PBXBuildFile; fileRef = 1EEFC02821DE81AF003995E6 /* EditPopUpViewController.swift */; };
		1EFD73F521DF7EC50043E695 /* PhotoPickerViewController.swift in Sources */ = {isa = PBXBuildFile; fileRef = 1EFD73F421DF7EC50043E695 /* PhotoPickerViewController.swift */; };
		1EFD741C21E0ECC00043E695 /* KeychainSwift.framework in Frameworks */ = {isa = PBXBuildFile; fileRef = 1EFD740D21E0ECAC0043E695 /* KeychainSwift.framework */; };
		1EFD741D21E0ECCC0043E695 /* KeychainSwift.framework in Frameworks */ = {isa = PBXBuildFile; fileRef = 1EFD740D21E0ECAC0043E695 /* KeychainSwift.framework */; };
		1EFD741E21E0ECCC0043E695 /* KeychainSwift.framework in Embed Frameworks */ = {isa = PBXBuildFile; fileRef = 1EFD740D21E0ECAC0043E695 /* KeychainSwift.framework */; settings = {ATTRIBUTES = (CodeSignOnCopy, RemoveHeadersOnCopy, ); }; };
		1EFD742221E0F04C0043E695 /* KeychainSwiftDistrib.swift in Sources */ = {isa = PBXBuildFile; fileRef = 1EFD742121E0F04C0043E695 /* KeychainSwiftDistrib.swift */; };
		1EFD742421E108F70043E695 /* ResetPWViewController.swift in Sources */ = {isa = PBXBuildFile; fileRef = 1EFD742321E108F60043E695 /* ResetPWViewController.swift */; };
		1EFD742621E118BA0043E695 /* FirstRunViewController.swift in Sources */ = {isa = PBXBuildFile; fileRef = 1EFD742521E118BA0043E695 /* FirstRunViewController.swift */; };
		1EFD742821E35FF90043E695 /* RNCryptor.swift in Sources */ = {isa = PBXBuildFile; fileRef = 1EFD742721E35FF90043E695 /* RNCryptor.swift */; };
		1EFD742D21E366F00043E695 /* Objective-CBridgingHeader.m in Sources */ = {isa = PBXBuildFile; fileRef = 1EFD742C21E366F00043E695 /* Objective-CBridgingHeader.m */; };
/* End PBXBuildFile section */

/* Begin PBXContainerItemProxy section */
		1EEFC00B21DCF00F003995E6 /* PBXContainerItemProxy */ = {
			isa = PBXContainerItemProxy;
			containerPortal = 1EEFC00121DCF00F003995E6 /* SQLite.xcodeproj */;
			proxyType = 2;
			remoteGlobalIDString = EE247AD31C3F04ED00AE3E12;
			remoteInfo = "SQLite iOS";
		};
		1EEFC00D21DCF00F003995E6 /* PBXContainerItemProxy */ = {
			isa = PBXContainerItemProxy;
			containerPortal = 1EEFC00121DCF00F003995E6 /* SQLite.xcodeproj */;
			proxyType = 2;
			remoteGlobalIDString = EE247ADD1C3F04ED00AE3E12;
			remoteInfo = "SQLiteTests iOS";
		};
		1EEFC00F21DCF00F003995E6 /* PBXContainerItemProxy */ = {
			isa = PBXContainerItemProxy;
			containerPortal = 1EEFC00121DCF00F003995E6 /* SQLite.xcodeproj */;
			proxyType = 2;
			remoteGlobalIDString = EE247B3C1C3F3ED000AE3E12;
			remoteInfo = "SQLite Mac";
		};
		1EEFC01121DCF00F003995E6 /* PBXContainerItemProxy */ = {
			isa = PBXContainerItemProxy;
			containerPortal = 1EEFC00121DCF00F003995E6 /* SQLite.xcodeproj */;
			proxyType = 2;
			remoteGlobalIDString = EE247B451C3F3ED000AE3E12;
			remoteInfo = "SQLiteTests Mac";
		};
		1EEFC01321DCF00F003995E6 /* PBXContainerItemProxy */ = {
			isa = PBXContainerItemProxy;
			containerPortal = 1EEFC00121DCF00F003995E6 /* SQLite.xcodeproj */;
			proxyType = 2;
			remoteGlobalIDString = 03A65E5A1C6BB0F50062603F;
			remoteInfo = "SQLite tvOS";
		};
		1EEFC01521DCF00F003995E6 /* PBXContainerItemProxy */ = {
			isa = PBXContainerItemProxy;
			containerPortal = 1EEFC00121DCF00F003995E6 /* SQLite.xcodeproj */;
			proxyType = 2;
			remoteGlobalIDString = 03A65E631C6BB0F60062603F;
			remoteInfo = "SQLiteTests tvOS";
		};
		1EEFC01721DCF00F003995E6 /* PBXContainerItemProxy */ = {
			isa = PBXContainerItemProxy;
			containerPortal = 1EEFC00121DCF00F003995E6 /* SQLite.xcodeproj */;
			proxyType = 2;
			remoteGlobalIDString = A121AC451CA35C79005A31D1;
			remoteInfo = "SQLite watchOS";
		};
		1EEFC01C21DCF020003995E6 /* PBXContainerItemProxy */ = {
			isa = PBXContainerItemProxy;
			containerPortal = 1EEFC00121DCF00F003995E6 /* SQLite.xcodeproj */;
			proxyType = 1;
			remoteGlobalIDString = EE247AD21C3F04ED00AE3E12;
			remoteInfo = "SQLite iOS";
		};
		1EFD740C21E0ECAC0043E695 /* PBXContainerItemProxy */ = {
			isa = PBXContainerItemProxy;
			containerPortal = 1EFD740021E0ECAC0043E695 /* KeychainSwift.xcodeproj */;
			proxyType = 2;
			remoteGlobalIDString = 7ED6C96C1B1C118F00FE8090;
			remoteInfo = KeychainSwift;
		};
		1EFD740E21E0ECAC0043E695 /* PBXContainerItemProxy */ = {
			isa = PBXContainerItemProxy;
			containerPortal = 1EFD740021E0ECAC0043E695 /* KeychainSwift.xcodeproj */;
			proxyType = 2;
			remoteGlobalIDString = 232B4C7A1BC29950001F2B7A;
			remoteInfo = "KeychainSwift-macOS";
		};
		1EFD741021E0ECAC0043E695 /* PBXContainerItemProxy */ = {
			isa = PBXContainerItemProxy;
			containerPortal = 1EFD740021E0ECAC0043E695 /* KeychainSwift.xcodeproj */;
			proxyType = 2;
			remoteGlobalIDString = 232B4C8A1BC29984001F2B7A;
			remoteInfo = "KeychainSwift-watchOS";
		};
		1EFD741221E0ECAC0043E695 /* PBXContainerItemProxy */ = {
			isa = PBXContainerItemProxy;
			containerPortal = 1EFD740021E0ECAC0043E695 /* KeychainSwift.xcodeproj */;
			proxyType = 2;
			remoteGlobalIDString = 23E785601BDA410C00B7564A;
			remoteInfo = "KeychainSwift-tvOS";
		};
		1EFD741421E0ECAC0043E695 /* PBXContainerItemProxy */ = {
			isa = PBXContainerItemProxy;
			containerPortal = 1EFD740021E0ECAC0043E695 /* KeychainSwift.xcodeproj */;
			proxyType = 2;
			remoteGlobalIDString = 7ED6C9771B1C118F00FE8090;
			remoteInfo = KeychainSwiftTests;
		};
		1EFD741621E0ECAC0043E695 /* PBXContainerItemProxy */ = {
			isa = PBXContainerItemProxy;
			containerPortal = 1EFD740021E0ECAC0043E695 /* KeychainSwift.xcodeproj */;
			proxyType = 2;
			remoteGlobalIDString = 7ED6C99D1B1C133500FE8090;
			remoteInfo = Demo;
		};
		1EFD741821E0ECAC0043E695 /* PBXContainerItemProxy */ = {
			isa = PBXContainerItemProxy;
			containerPortal = 1EFD740021E0ECAC0043E695 /* KeychainSwift.xcodeproj */;
			proxyType = 2;
			remoteGlobalIDString = 7E3A6B601D3F62C2007C5B1F;
			remoteInfo = "macOS Tests";
		};
		1EFD741A21E0ECAC0043E695 /* PBXContainerItemProxy */ = {
			isa = PBXContainerItemProxy;
			containerPortal = 1EFD740021E0ECAC0043E695 /* KeychainSwift.xcodeproj */;
			proxyType = 2;
			remoteGlobalIDString = 7E3A6B7B1D3F6779007C5B1F;
			remoteInfo = "macOS Demo";
		};
		1EFD741F21E0ECCC0043E695 /* PBXContainerItemProxy */ = {
			isa = PBXContainerItemProxy;
			containerPortal = 1EFD740021E0ECAC0043E695 /* KeychainSwift.xcodeproj */;
			proxyType = 1;
			remoteGlobalIDString = 7ED6C96B1B1C118F00FE8090;
			remoteInfo = KeychainSwift;
		};
/* End PBXContainerItemProxy section */

/* Begin PBXCopyFilesBuildPhase section */
		1EAD05A821CAB6AD00D4A3F4 /* Embed Frameworks */ = {
			isa = PBXCopyFilesBuildPhase;
			buildActionMask = 2147483647;
			dstPath = "";
			dstSubfolderSpec = 10;
			files = (
				1EFD741E21E0ECCC0043E695 /* KeychainSwift.framework in Embed Frameworks */,
				1EEFC01B21DCF020003995E6 /* SQLite.framework in Embed Frameworks */,
			);
			name = "Embed Frameworks";
			runOnlyForDeploymentPostprocessing = 0;
		};
/* End PBXCopyFilesBuildPhase section */

/* Begin PBXFileReference section */
		1EAD057521CAB69100D4A3F4 /* PhotoVault.app */ = {isa = PBXFileReference; explicitFileType = wrapper.application; includeInIndex = 0; path = PhotoVault.app; sourceTree = BUILT_PRODUCTS_DIR; };
		1EAD057821CAB69100D4A3F4 /* AppDelegate.swift */ = {isa = PBXFileReference; lastKnownFileType = sourcecode.swift; path = AppDelegate.swift; sourceTree = "<group>"; };
		1EAD057A21CAB69100D4A3F4 /* ViewController.swift */ = {isa = PBXFileReference; lastKnownFileType = sourcecode.swift; path = ViewController.swift; sourceTree = "<group>"; };
		1EAD057D21CAB69100D4A3F4 /* Base */ = {isa = PBXFileReference; lastKnownFileType = file.storyboard; name = Base; path = Base.lproj/Main.storyboard; sourceTree = "<group>"; };
		1EAD057F21CAB69200D4A3F4 /* Assets.xcassets */ = {isa = PBXFileReference; lastKnownFileType = folder.assetcatalog; path = Assets.xcassets; sourceTree = "<group>"; };
		1EAD058221CAB69200D4A3F4 /* Base */ = {isa = PBXFileReference; lastKnownFileType = file.storyboard; name = Base; path = Base.lproj/LaunchScreen.storyboard; sourceTree = "<group>"; };
		1EAD058421CAB69200D4A3F4 /* Info.plist */ = {isa = PBXFileReference; lastKnownFileType = text.plist.xml; path = Info.plist; sourceTree = "<group>"; };
		1EAD05A921CAB92E00D4A3F4 /* device-camera-icon.png */ = {isa = PBXFileReference; lastKnownFileType = image.png; name = "device-camera-icon.png"; path = "../device-camera-icon.png"; sourceTree = "<group>"; };
		1EAD05AB21CABBFF00D4A3F4 /* TableViewController.swift */ = {isa = PBXFileReference; lastKnownFileType = sourcecode.swift; path = TableViewController.swift; sourceTree = "<group>"; };
		1EAD05AD21CBD23800D4A3F4 /* Album.swift */ = {isa = PBXFileReference; lastKnownFileType = sourcecode.swift; path = Album.swift; sourceTree = "<group>"; };
		1EAD05AF21CBE77700D4A3F4 /* Photo.swift */ = {isa = PBXFileReference; lastKnownFileType = sourcecode.swift; path = Photo.swift; sourceTree = "<group>"; };
		1EAD05B121CBE98C00D4A3F4 /* DetailViewController.swift */ = {isa = PBXFileReference; lastKnownFileType = sourcecode.swift; path = DetailViewController.swift; sourceTree = "<group>"; };
		1EAD05B321CC22C800D4A3F4 /* AlbumViewController.swift */ = {isa = PBXFileReference; lastKnownFileType = sourcecode.swift; path = AlbumViewController.swift; sourceTree = "<group>"; };
		1EEFC00121DCF00F003995E6 /* SQLite.xcodeproj */ = {isa = PBXFileReference; lastKnownFileType = "wrapper.pb-project"; name = SQLite.xcodeproj; path = "../../SQLite.swift-master/SQLite.xcodeproj"; sourceTree = "<group>"; };
		1EEFC02021DD222F003995E6 /* DbPersistance.swift */ = {isa = PBXFileReference; lastKnownFileType = sourcecode.swift; path = DbPersistance.swift; sourceTree = "<group>"; };
		1EEFC02421DE3D67003995E6 /* CollectionViewController.swift */ = {isa = PBXFileReference; lastKnownFileType = sourcecode.swift; path = CollectionViewController.swift; sourceTree = "<group>"; };
		1EEFC02621DE6437003995E6 /* PhotoViewController.swift */ = {isa = PBXFileReference; lastKnownFileType = sourcecode.swift; path = PhotoViewController.swift; sourceTree = "<group>"; };
		1EEFC02821DE81AF003995E6 /* EditPopUpViewController.swift */ = {isa = PBXFileReference; lastKnownFileType = sourcecode.swift; path = EditPopUpViewController.swift; sourceTree = "<group>"; };
		1EFD73F421DF7EC50043E695 /* PhotoPickerViewController.swift */ = {isa = PBXFileReference; lastKnownFileType = sourcecode.swift; path = PhotoPickerViewController.swift; sourceTree = "<group>"; };
		1EFD73FC21DFEB640043E695 /* Security.framework */ = {isa = PBXFileReference; lastKnownFileType = wrapper.framework; name = Security.framework; path = System/Library/Frameworks/Security.framework; sourceTree = SDKROOT; };
		1EFD740021E0ECAC0043E695 /* KeychainSwift.xcodeproj */ = {isa = PBXFileReference; lastKnownFileType = "wrapper.pb-project"; name = KeychainSwift.xcodeproj; path = "../../../Downloads/keychain-swift-master/KeychainSwift.xcodeproj"; sourceTree = "<group>"; };
		1EFD742121E0F04C0043E695 /* KeychainSwiftDistrib.swift */ = {isa = PBXFileReference; fileEncoding = 4; lastKnownFileType = sourcecode.swift; path = KeychainSwiftDistrib.swift; sourceTree = "<group>"; };
		1EFD742321E108F60043E695 /* ResetPWViewController.swift */ = {isa = PBXFileReference; lastKnownFileType = sourcecode.swift; path = ResetPWViewController.swift; sourceTree = "<group>"; };
		1EFD742521E118BA0043E695 /* FirstRunViewController.swift */ = {isa = PBXFileReference; lastKnownFileType = sourcecode.swift; path = FirstRunViewController.swift; sourceTree = "<group>"; };
		1EFD742721E35FF90043E695 /* RNCryptor.swift */ = {isa = PBXFileReference; fileEncoding = 4; lastKnownFileType = sourcecode.swift; path = RNCryptor.swift; sourceTree = "<group>"; };
		1EFD742921E364E20043E695 /* RNCryptor.h */ = {isa = PBXFileReference; lastKnownFileType = sourcecode.c.h; name = RNCryptor.h; path = "../../../Downloads/RNCryptor-master/Sources/Cryptor/include/RNCryptor.h"; sourceTree = "<group>"; };
		1EFD742B21E366EF0043E695 /* PhotoVault-Bridging-Header.h */ = {isa = PBXFileReference; lastKnownFileType = sourcecode.c.h; path = "PhotoVault-Bridging-Header.h"; sourceTree = "<group>"; };
		1EFD742C21E366F00043E695 /* Objective-CBridgingHeader.m */ = {isa = PBXFileReference; lastKnownFileType = sourcecode.c.objc; path = "Objective-CBridgingHeader.m"; sourceTree = "<group>"; };
/* End PBXFileReference section */

/* Begin PBXFrameworksBuildPhase section */
		1EAD057221CAB69100D4A3F4 /* Frameworks */ = {
			isa = PBXFrameworksBuildPhase;
			buildActionMask = 2147483647;
			files = (
				1EFD741D21E0ECCC0043E695 /* KeychainSwift.framework in Frameworks */,
				1EFD741C21E0ECC00043E695 /* KeychainSwift.framework in Frameworks */,
				1EEFC01A21DCF020003995E6 /* SQLite.framework in Frameworks */,
				1EEFC01921DCF01A003995E6 /* SQLite.framework in Frameworks */,
			);
			runOnlyForDeploymentPostprocessing = 0;
		};
/* End PBXFrameworksBuildPhase section */

/* Begin PBXGroup section */
		1EAD056C21CAB69100D4A3F4 = {
			isa = PBXGroup;
			children = (
				1EAD057721CAB69100D4A3F4 /* PhotoVault */,
				1EAD057621CAB69100D4A3F4 /* Products */,
				1EAD05A921CAB92E00D4A3F4 /* device-camera-icon.png */,
				1EAD05A221CAB6A800D4A3F4 /* Frameworks */,
			);
			sourceTree = "<group>";
		};
		1EAD057621CAB69100D4A3F4 /* Products */ = {
			isa = PBXGroup;
			children = (
				1EAD057521CAB69100D4A3F4 /* PhotoVault.app */,
			);
			name = Products;
			sourceTree = "<group>";
		};
		1EAD057721CAB69100D4A3F4 /* PhotoVault */ = {
			isa = PBXGroup;
			children = (
				1EAD057821CAB69100D4A3F4 /* AppDelegate.swift */,
				1EFD742921E364E20043E695 /* RNCryptor.h */,
				1EFD742721E35FF90043E695 /* RNCryptor.swift */,
				1EAD057A21CAB69100D4A3F4 /* ViewController.swift */,
				1EAD057C21CAB69100D4A3F4 /* Main.storyboard */,
				1EFD742121E0F04C0043E695 /* KeychainSwiftDistrib.swift */,
				1EAD05B121CBE98C00D4A3F4 /* DetailViewController.swift */,
				1EAD05AB21CABBFF00D4A3F4 /* TableViewController.swift */,
				1EAD057F21CAB69200D4A3F4 /* Assets.xcassets */,
				1EFD740021E0ECAC0043E695 /* KeychainSwift.xcodeproj */,
				1EEFC00121DCF00F003995E6 /* SQLite.xcodeproj */,
				1EAD058121CAB69200D4A3F4 /* LaunchScreen.storyboard */,
				1EAD058421CAB69200D4A3F4 /* Info.plist */,
				1EAD05AD21CBD23800D4A3F4 /* Album.swift */,
				1EAD05AF21CBE77700D4A3F4 /* Photo.swift */,
				1EAD05B321CC22C800D4A3F4 /* AlbumViewController.swift */,
				1EEFC02021DD222F003995E6 /* DbPersistance.swift */,
				1EEFC02421DE3D67003995E6 /* CollectionViewController.swift */,
				1EEFC02621DE6437003995E6 /* PhotoViewController.swift */,
				1EEFC02821DE81AF003995E6 /* EditPopUpViewController.swift */,
				1EFD73F421DF7EC50043E695 /* PhotoPickerViewController.swift */,
				1EFD742321E108F60043E695 /* ResetPWViewController.swift */,
				1EFD742521E118BA0043E695 /* FirstRunViewController.swift */,
				1EFD742C21E366F00043E695 /* Objective-CBridgingHeader.m */,
				1EFD742B21E366EF0043E695 /* PhotoVault-Bridging-Header.h */,
			);
			path = PhotoVault;
			sourceTree = "<group>";
		};
		1EAD05A221CAB6A800D4A3F4 /* Frameworks */ = {
			isa = PBXGroup;
			children = (
				1EFD73FC21DFEB640043E695 /* Security.framework */,
			);
			name = Frameworks;
			sourceTree = "<group>";
		};
		1EEFC00221DCF00F003995E6 /* Products */ = {
			isa = PBXGroup;
			children = (
				1EEFC00C21DCF00F003995E6 /* SQLite.framework */,
				1EEFC00E21DCF00F003995E6 /* SQLiteTests iOS.xctest */,
				1EEFC01021DCF00F003995E6 /* SQLite.framework */,
				1EEFC01221DCF00F003995E6 /* SQLiteTests Mac.xctest */,
				1EEFC01421DCF00F003995E6 /* SQLite.framework */,
				1EEFC01621DCF00F003995E6 /* SQLiteTests tvOS.xctest */,
				1EEFC01821DCF00F003995E6 /* SQLite.framework */,
			);
			name = Products;
			sourceTree = "<group>";
		};
		1EFD740121E0ECAC0043E695 /* Products */ = {
			isa = PBXGroup;
			children = (
				1EFD740D21E0ECAC0043E695 /* KeychainSwift.framework */,
				1EFD740F21E0ECAC0043E695 /* KeychainSwift.framework */,
				1EFD741121E0ECAC0043E695 /* KeychainSwift.framework */,
				1EFD741321E0ECAC0043E695 /* KeychainSwift.framework */,
				1EFD741521E0ECAC0043E695 /* KeychainSwiftTests.xctest */,
				1EFD741721E0ECAC0043E695 /* Keychain Swift.app */,
				1EFD741921E0ECAC0043E695 /* macOS Tests.xctest */,
				1EFD741B21E0ECAC0043E695 /* macOS Demo.app */,
			);
			name = Products;
			sourceTree = "<group>";
		};
/* End PBXGroup section */

/* Begin PBXNativeTarget section */
		1EAD057421CAB69100D4A3F4 /* PhotoVault */ = {
			isa = PBXNativeTarget;
			buildConfigurationList = 1EAD058721CAB69200D4A3F4 /* Build configuration list for PBXNativeTarget "PhotoVault" */;
			buildPhases = (
				1EAD057121CAB69100D4A3F4 /* Sources */,
				1EAD057221CAB69100D4A3F4 /* Frameworks */,
				1EAD057321CAB69100D4A3F4 /* Resources */,
				1EAD05A821CAB6AD00D4A3F4 /* Embed Frameworks */,
			);
			buildRules = (
			);
			dependencies = (
				1EEFC01D21DCF020003995E6 /* PBXTargetDependency */,
				1EFD742021E0ECCC0043E695 /* PBXTargetDependency */,
			);
			name = PhotoVault;
			productName = PhotoVault;
			productReference = 1EAD057521CAB69100D4A3F4 /* PhotoVault.app */;
			productType = "com.apple.product-type.application";
		};
/* End PBXNativeTarget section */

/* Begin PBXProject section */
		1EAD056D21CAB69100D4A3F4 /* Project object */ = {
			isa = PBXProject;
			attributes = {
				LastSwiftUpdateCheck = 1010;
				LastUpgradeCheck = 1010;
				ORGANIZATIONNAME = IF26;
				TargetAttributes = {
					1EAD057421CAB69100D4A3F4 = {
						CreatedOnToolsVersion = 10.1;
						LastSwiftMigration = 1010;
					};
				};
			};
			buildConfigurationList = 1EAD057021CAB69100D4A3F4 /* Build configuration list for PBXProject "PhotoVault" */;
			compatibilityVersion = "Xcode 9.3";
			developmentRegion = en;
			hasScannedForEncodings = 0;
			knownRegions = (
				en,
				Base,
			);
			mainGroup = 1EAD056C21CAB69100D4A3F4;
			productRefGroup = 1EAD057621CAB69100D4A3F4 /* Products */;
			projectDirPath = "";
			projectReferences = (
				{
					ProductGroup = 1EFD740121E0ECAC0043E695 /* Products */;
					ProjectRef = 1EFD740021E0ECAC0043E695 /* KeychainSwift.xcodeproj */;
				},
				{
					ProductGroup = 1EEFC00221DCF00F003995E6 /* Products */;
					ProjectRef = 1EEFC00121DCF00F003995E6 /* SQLite.xcodeproj */;
				},
			);
			projectRoot = "";
			targets = (
				1EAD057421CAB69100D4A3F4 /* PhotoVault */,
			);
		};
/* End PBXProject section */

/* Begin PBXReferenceProxy section */
		1EEFC00C21DCF00F003995E6 /* SQLite.framework */ = {
			isa = PBXReferenceProxy;
			fileType = wrapper.framework;
			path = SQLite.framework;
			remoteRef = 1EEFC00B21DCF00F003995E6 /* PBXContainerItemProxy */;
			sourceTree = BUILT_PRODUCTS_DIR;
		};
		1EEFC00E21DCF00F003995E6 /* SQLiteTests iOS.xctest */ = {
			isa = PBXReferenceProxy;
			fileType = wrapper.cfbundle;
			path = "SQLiteTests iOS.xctest";
			remoteRef = 1EEFC00D21DCF00F003995E6 /* PBXContainerItemProxy */;
			sourceTree = BUILT_PRODUCTS_DIR;
		};
		1EEFC01021DCF00F003995E6 /* SQLite.framework */ = {
			isa = PBXReferenceProxy;
			fileType = wrapper.framework;
			path = SQLite.framework;
			remoteRef = 1EEFC00F21DCF00F003995E6 /* PBXContainerItemProxy */;
			sourceTree = BUILT_PRODUCTS_DIR;
		};
		1EEFC01221DCF00F003995E6 /* SQLiteTests Mac.xctest */ = {
			isa = PBXReferenceProxy;
			fileType = wrapper.cfbundle;
			path = "SQLiteTests Mac.xctest";
			remoteRef = 1EEFC01121DCF00F003995E6 /* PBXContainerItemProxy */;
			sourceTree = BUILT_PRODUCTS_DIR;
		};
		1EEFC01421DCF00F003995E6 /* SQLite.framework */ = {
			isa = PBXReferenceProxy;
			fileType = wrapper.framework;
			path = SQLite.framework;
			remoteRef = 1EEFC01321DCF00F003995E6 /* PBXContainerItemProxy */;
			sourceTree = BUILT_PRODUCTS_DIR;
		};
		1EEFC01621DCF00F003995E6 /* SQLiteTests tvOS.xctest */ = {
			isa = PBXReferenceProxy;
			fileType = wrapper.cfbundle;
			path = "SQLiteTests tvOS.xctest";
			remoteRef = 1EEFC01521DCF00F003995E6 /* PBXContainerItemProxy */;
			sourceTree = BUILT_PRODUCTS_DIR;
		};
		1EEFC01821DCF00F003995E6 /* SQLite.framework */ = {
			isa = PBXReferenceProxy;
			fileType = wrapper.framework;
			path = SQLite.framework;
			remoteRef = 1EEFC01721DCF00F003995E6 /* PBXContainerItemProxy */;
			sourceTree = BUILT_PRODUCTS_DIR;
		};
		1EFD740D21E0ECAC0043E695 /* KeychainSwift.framework */ = {
			isa = PBXReferenceProxy;
			fileType = wrapper.framework;
			path = KeychainSwift.framework;
			remoteRef = 1EFD740C21E0ECAC0043E695 /* PBXContainerItemProxy */;
			sourceTree = BUILT_PRODUCTS_DIR;
		};
		1EFD740F21E0ECAC0043E695 /* KeychainSwift.framework */ = {
			isa = PBXReferenceProxy;
			fileType = wrapper.framework;
			path = KeychainSwift.framework;
			remoteRef = 1EFD740E21E0ECAC0043E695 /* PBXContainerItemProxy */;
			sourceTree = BUILT_PRODUCTS_DIR;
		};
		1EFD741121E0ECAC0043E695 /* KeychainSwift.framework */ = {
			isa = PBXReferenceProxy;
			fileType = wrapper.framework;
			path = KeychainSwift.framework;
			remoteRef = 1EFD741021E0ECAC0043E695 /* PBXContainerItemProxy */;
			sourceTree = BUILT_PRODUCTS_DIR;
		};
		1EFD741321E0ECAC0043E695 /* KeychainSwift.framework */ = {
			isa = PBXReferenceProxy;
			fileType = wrapper.framework;
			path = KeychainSwift.framework;
			remoteRef = 1EFD741221E0ECAC0043E695 /* PBXContainerItemProxy */;
			sourceTree = BUILT_PRODUCTS_DIR;
		};
		1EFD741521E0ECAC0043E695 /* KeychainSwiftTests.xctest */ = {
			isa = PBXReferenceProxy;
			fileType = wrapper.cfbundle;
			path = KeychainSwiftTests.xctest;
			remoteRef = 1EFD741421E0ECAC0043E695 /* PBXContainerItemProxy */;
			sourceTree = BUILT_PRODUCTS_DIR;
		};
		1EFD741721E0ECAC0043E695 /* Keychain Swift.app */ = {
			isa = PBXReferenceProxy;
			fileType = wrapper.application;
			path = "Keychain Swift.app";
			remoteRef = 1EFD741621E0ECAC0043E695 /* PBXContainerItemProxy */;
			sourceTree = BUILT_PRODUCTS_DIR;
		};
		1EFD741921E0ECAC0043E695 /* macOS Tests.xctest */ = {
			isa = PBXReferenceProxy;
			fileType = wrapper.cfbundle;
			path = "macOS Tests.xctest";
			remoteRef = 1EFD741821E0ECAC0043E695 /* PBXContainerItemProxy */;
			sourceTree = BUILT_PRODUCTS_DIR;
		};
		1EFD741B21E0ECAC0043E695 /* macOS Demo.app */ = {
			isa = PBXReferenceProxy;
			fileType = wrapper.application;
			path = "macOS Demo.app";
			remoteRef = 1EFD741A21E0ECAC0043E695 /* PBXContainerItemProxy */;
			sourceTree = BUILT_PRODUCTS_DIR;
		};
/* End PBXReferenceProxy section */

/* Begin PBXResourcesBuildPhase section */
		1EAD057321CAB69100D4A3F4 /* Resources */ = {
			isa = PBXResourcesBuildPhase;
			buildActionMask = 2147483647;
			files = (
				1EAD058321CAB69200D4A3F4 /* LaunchScreen.storyboard in Resources */,
				1EAD05AA21CAB92E00D4A3F4 /* device-camera-icon.png in Resources */,
				1EAD058021CAB69200D4A3F4 /* Assets.xcassets in Resources */,
				1EAD057E21CAB69100D4A3F4 /* Main.storyboard in Resources */,
			);
			runOnlyForDeploymentPostprocessing = 0;
		};
/* End PBXResourcesBuildPhase section */

/* Begin PBXSourcesBuildPhase section */
		1EAD057121CAB69100D4A3F4 /* Sources */ = {
			isa = PBXSourcesBuildPhase;
			buildActionMask = 2147483647;
			files = (
				1EAD057B21CAB69100D4A3F4 /* ViewController.swift in Sources */,
				1EAD05AC21CABBFF00D4A3F4 /* TableViewController.swift in Sources */,
				1EFD742621E118BA0043E695 /* FirstRunViewController.swift in Sources */,
				1EAD057921CAB69100D4A3F4 /* AppDelegate.swift in Sources */,
				1EAD05B221CBE98C00D4A3F4 /* DetailViewController.swift in Sources */,
				1EFD742D21E366F00043E695 /* Objective-CBridgingHeader.m in Sources */,
				1EFD742421E108F70043E695 /* ResetPWViewController.swift in Sources */,
				1EEFC02921DE81AF003995E6 /* EditPopUpViewController.swift in Sources */,
				1EFD742821E35FF90043E695 /* RNCryptor.swift in Sources */,
				1EEFC02721DE6437003995E6 /* PhotoViewController.swift in Sources */,
				1EFD742221E0F04C0043E695 /* KeychainSwiftDistrib.swift in Sources */,
				1EAD05AE21CBD23800D4A3F4 /* Album.swift in Sources */,
				1EAD05B021CBE77800D4A3F4 /* Photo.swift in Sources */,
				1EEFC02121DD222F003995E6 /* DbPersistance.swift in Sources */,
				1EAD05B421CC22C800D4A3F4 /* AlbumViewController.swift in Sources */,
				1EFD73F521DF7EC50043E695 /* PhotoPickerViewController.swift in Sources */,
				1EEFC02521DE3D67003995E6 /* CollectionViewController.swift in Sources */,
			);
			runOnlyForDeploymentPostprocessing = 0;
		};
/* End PBXSourcesBuildPhase section */

/* Begin PBXTargetDependency section */
		1EEFC01D21DCF020003995E6 /* PBXTargetDependency */ = {
			isa = PBXTargetDependency;
			name = "SQLite iOS";
			targetProxy = 1EEFC01C21DCF020003995E6 /* PBXContainerItemProxy */;
		};
		1EFD742021E0ECCC0043E695 /* PBXTargetDependency */ = {
			isa = PBXTargetDependency;
			name = KeychainSwift;
			targetProxy = 1EFD741F21E0ECCC0043E695 /* PBXContainerItemProxy */;
		};
/* End PBXTargetDependency section */

/* Begin PBXVariantGroup section */
		1EAD057C21CAB69100D4A3F4 /* Main.storyboard */ = {
			isa = PBXVariantGroup;
			children = (
				1EAD057D21CAB69100D4A3F4 /* Base */,
			);
			name = Main.storyboard;
			sourceTree = "<group>";
		};
		1EAD058121CAB69200D4A3F4 /* LaunchScreen.storyboard */ = {
			isa = PBXVariantGroup;
			children = (
				1EAD058221CAB69200D4A3F4 /* Base */,
			);
			name = LaunchScreen.storyboard;
			sourceTree = "<group>";
		};
/* End PBXVariantGroup section */

/* Begin XCBuildConfiguration section */
		1EAD058521CAB69200D4A3F4 /* Debug */ = {
			isa = XCBuildConfiguration;
			buildSettings = {
				ALWAYS_SEARCH_USER_PATHS = NO;
				CLANG_ANALYZER_NONNULL = YES;
				CLANG_ANALYZER_NUMBER_OBJECT_CONVERSION = YES_AGGRESSIVE;
				CLANG_CXX_LANGUAGE_STANDARD = "gnu++14";
				CLANG_CXX_LIBRARY = "libc++";
				CLANG_ENABLE_MODULES = YES;
				CLANG_ENABLE_OBJC_ARC = YES;
				CLANG_ENABLE_OBJC_WEAK = YES;
				CLANG_WARN_BLOCK_CAPTURE_AUTORELEASING = YES;
				CLANG_WARN_BOOL_CONVERSION = YES;
				CLANG_WARN_COMMA = YES;
				CLANG_WARN_CONSTANT_CONVERSION = YES;
				CLANG_WARN_DEPRECATED_OBJC_IMPLEMENTATIONS = YES;
				CLANG_WARN_DIRECT_OBJC_ISA_USAGE = YES_ERROR;
				CLANG_WARN_DOCUMENTATION_COMMENTS = YES;
				CLANG_WARN_EMPTY_BODY = YES;
				CLANG_WARN_ENUM_CONVERSION = YES;
				CLANG_WARN_INFINITE_RECURSION = YES;
				CLANG_WARN_INT_CONVERSION = YES;
				CLANG_WARN_NON_LITERAL_NULL_CONVERSION = YES;
				CLANG_WARN_OBJC_IMPLICIT_RETAIN_SELF = YES;
				CLANG_WARN_OBJC_LITERAL_CONVERSION = YES;
				CLANG_WARN_OBJC_ROOT_CLASS = YES_ERROR;
				CLANG_WARN_RANGE_LOOP_ANALYSIS = YES;
				CLANG_WARN_STRICT_PROTOTYPES = YES;
				CLANG_WARN_SUSPICIOUS_MOVE = YES;
				CLANG_WARN_UNGUARDED_AVAILABILITY = YES_AGGRESSIVE;
				CLANG_WARN_UNREACHABLE_CODE = YES;
				CLANG_WARN__DUPLICATE_METHOD_MATCH = YES;
				CODE_SIGN_IDENTITY = "iPhone Developer";
				COPY_PHASE_STRIP = NO;
				DEBUG_INFORMATION_FORMAT = dwarf;
				ENABLE_STRICT_OBJC_MSGSEND = YES;
				ENABLE_TESTABILITY = YES;
				GCC_C_LANGUAGE_STANDARD = gnu11;
				GCC_DYNAMIC_NO_PIC = NO;
				GCC_NO_COMMON_BLOCKS = YES;
				GCC_OPTIMIZATION_LEVEL = 0;
				GCC_PREPROCESSOR_DEFINITIONS = (
					"DEBUG=1",
					"$(inherited)",
				);
				GCC_WARN_64_TO_32_BIT_CONVERSION = YES;
				GCC_WARN_ABOUT_RETURN_TYPE = YES_ERROR;
				GCC_WARN_UNDECLARED_SELECTOR = YES;
				GCC_WARN_UNINITIALIZED_AUTOS = YES_AGGRESSIVE;
				GCC_WARN_UNUSED_FUNCTION = YES;
				GCC_WARN_UNUSED_VARIABLE = YES;
				IPHONEOS_DEPLOYMENT_TARGET = 12.1;
				MTL_ENABLE_DEBUG_INFO = INCLUDE_SOURCE;
				MTL_FAST_MATH = YES;
				ONLY_ACTIVE_ARCH = YES;
				SDKROOT = iphoneos;
				SWIFT_ACTIVE_COMPILATION_CONDITIONS = DEBUG;
				SWIFT_OPTIMIZATION_LEVEL = "-Onone";
			};
			name = Debug;
		};
		1EAD058621CAB69200D4A3F4 /* Release */ = {
			isa = XCBuildConfiguration;
			buildSettings = {
				ALWAYS_SEARCH_USER_PATHS = NO;
				CLANG_ANALYZER_NONNULL = YES;
				CLANG_ANALYZER_NUMBER_OBJECT_CONVERSION = YES_AGGRESSIVE;
				CLANG_CXX_LANGUAGE_STANDARD = "gnu++14";
				CLANG_CXX_LIBRARY = "libc++";
				CLANG_ENABLE_MODULES = YES;
				CLANG_ENABLE_OBJC_ARC = YES;
				CLANG_ENABLE_OBJC_WEAK = YES;
				CLANG_WARN_BLOCK_CAPTURE_AUTORELEASING = YES;
				CLANG_WARN_BOOL_CONVERSION = YES;
				CLANG_WARN_COMMA = YES;
				CLANG_WARN_CONSTANT_CONVERSION = YES;
				CLANG_WARN_DEPRECATED_OBJC_IMPLEMENTATIONS = YES;
				CLANG_WARN_DIRECT_OBJC_ISA_USAGE = YES_ERROR;
				CLANG_WARN_DOCUMENTATION_COMMENTS = YES;
				CLANG_WARN_EMPTY_BODY = YES;
				CLANG_WARN_ENUM_CONVERSION = YES;
				CLANG_WARN_INFINITE_RECURSION = YES;
				CLANG_WARN_INT_CONVERSION = YES;
				CLANG_WARN_NON_LITERAL_NULL_CONVERSION = YES;
				CLANG_WARN_OBJC_IMPLICIT_RETAIN_SELF = YES;
				CLANG_WARN_OBJC_LITERAL_CONVERSION = YES;
				CLANG_WARN_OBJC_ROOT_CLASS = YES_ERROR;
				CLANG_WARN_RANGE_LOOP_ANALYSIS = YES;
				CLANG_WARN_STRICT_PROTOTYPES = YES;
				CLANG_WARN_SUSPICIOUS_MOVE = YES;
				CLANG_WARN_UNGUARDED_AVAILABILITY = YES_AGGRESSIVE;
				CLANG_WARN_UNREACHABLE_CODE = YES;
				CLANG_WARN__DUPLICATE_METHOD_MATCH = YES;
				CODE_SIGN_IDENTITY = "iPhone Developer";
				COPY_PHASE_STRIP = NO;
				DEBUG_INFORMATION_FORMAT = "dwarf-with-dsym";
				ENABLE_NS_ASSERTIONS = NO;
				ENABLE_STRICT_OBJC_MSGSEND = YES;
				GCC_C_LANGUAGE_STANDARD = gnu11;
				GCC_NO_COMMON_BLOCKS = YES;
				GCC_WARN_64_TO_32_BIT_CONVERSION = YES;
				GCC_WARN_ABOUT_RETURN_TYPE = YES_ERROR;
				GCC_WARN_UNDECLARED_SELECTOR = YES;
				GCC_WARN_UNINITIALIZED_AUTOS = YES_AGGRESSIVE;
				GCC_WARN_UNUSED_FUNCTION = YES;
				GCC_WARN_UNUSED_VARIABLE = YES;
				IPHONEOS_DEPLOYMENT_TARGET = 12.1;
				MTL_ENABLE_DEBUG_INFO = NO;
				MTL_FAST_MATH = YES;
				SDKROOT = iphoneos;
				SWIFT_COMPILATION_MODE = wholemodule;
				SWIFT_OPTIMIZATION_LEVEL = "-O";
				VALIDATE_PRODUCT = YES;
			};
			name = Release;
		};
		1EAD058821CAB69200D4A3F4 /* Debug */ = {
			isa = XCBuildConfiguration;
			buildSettings = {
				ALWAYS_EMBED_SWIFT_STANDARD_LIBRARIES = YES;
				ASSETCATALOG_COMPILER_APPICON_NAME = AppIcon;
				CLANG_ENABLE_MODULES = YES;
				CODE_SIGN_STYLE = Automatic;
				INFOPLIST_FILE = PhotoVault/Info.plist;
				LD_RUNPATH_SEARCH_PATHS = (
					"$(inherited)",
					"@executable_path/Frameworks",
				);
				PRODUCT_BUNDLE_IDENTIFIER = fr.utt.fr.PhotoVault;
				PRODUCT_NAME = "$(TARGET_NAME)";
				SWIFT_OBJC_BRIDGING_HEADER = "PhotoVault/PhotoVault-Bridging-Header.h";
				SWIFT_OPTIMIZATION_LEVEL = "-Onone";
				SWIFT_VERSION = 4.2;
				TARGETED_DEVICE_FAMILY = "1,2";
			};
			name = Debug;
		};
		1EAD058921CAB69200D4A3F4 /* Release */ = {
			isa = XCBuildConfiguration;
			buildSettings = {
				ALWAYS_EMBED_SWIFT_STANDARD_LIBRARIES = YES;
				ASSETCATALOG_COMPILER_APPICON_NAME = AppIcon;
				CLANG_ENABLE_MODULES = YES;
				CODE_SIGN_STYLE = Automatic;
				INFOPLIST_FILE = PhotoVault/Info.plist;
				LD_RUNPATH_SEARCH_PATHS = (
					"$(inherited)",
					"@executable_path/Frameworks",
				);
				PRODUCT_BUNDLE_IDENTIFIER = fr.utt.fr.PhotoVault;
				PRODUCT_NAME = "$(TARGET_NAME)";
				SWIFT_OBJC_BRIDGING_HEADER = "PhotoVault/PhotoVault-Bridging-Header.h";
				SWIFT_VERSION = 4.2;
				TARGETED_DEVICE_FAMILY = "1,2";
			};
			name = Release;
		};
/* End XCBuildConfiguration section */

/* Begin XCConfigurationList section */
		1EAD057021CAB69100D4A3F4 /* Build configuration list for PBXProject "PhotoVault" */ = {
			isa = XCConfigurationList;
			buildConfigurations = (
				1EAD058521CAB69200D4A3F4 /* Debug */,
				1EAD058621CAB69200D4A3F4 /* Release */,
			);
			defaultConfigurationIsVisible = 0;
			defaultConfigurationName = Release;
		};
		1EAD058721CAB69200D4A3F4 /* Build configuration list for PBXNativeTarget "PhotoVault" */ = {
			isa = XCConfigurationList;
			buildConfigurations = (
				1EAD058821CAB69200D4A3F4 /* Debug */,
				1EAD058921CAB69200D4A3F4 /* Release */,
			);
			defaultConfigurationIsVisible = 0;
			defaultConfigurationName = Release;
		};
/* End XCConfigurationList section */
	};
	rootObject = 1EAD056D21CAB69100D4A3F4 /* Project object */;
}
